
Microsoft Visual Studio Solution File, Format Version 12.00
# Visual Studio Version 17
VisualStudioVersion = 17.8.34309.116
MinimumVisualStudioVersion = 10.0.40219.1
Project("{FAE04EC0-301F-11D3-BF4B-00C04F79EFBC}") = "DemoWindowsForm", "DemoWindowsForm.csproj", "{DC481958-A990-4C87-8CAF-64F049EA8BD5}"
EndProject
Global
	GlobalSection(SolutionConfigurationPlatforms) = preSolution
		Debug|Any CPU = Debug|Any CPU
		Release|Any CPU = Release|Any CPU
	EndGlobalSection
	GlobalSection(ProjectConfigurationPlatforms) = postSolution
		{DC481958-A990-4C87-8CAF-64F049EA8BD5}.Debug|Any CPU.ActiveCfg = Debug|Any CPU
		{DC481958-A990-4C87-8CAF-64F049EA8BD5}.Debug|Any CPU.Build.0 = Debug|Any CPU
		{DC481958-A990-4C87-8CAF-64F049EA8BD5}.Release|Any CPU.ActiveCfg = Release|Any CPU
		{DC481958-A990-4C87-8CAF-64F049EA8BD5}.Release|Any CPU.Build.0 = Release|Any CPU
	EndGlobalSection
	GlobalSection(SolutionProperties) = preSolution
		HideSolutionNode = FALSE
	EndGlobalSection
	GlobalSection(ExtensibilityGlobals) = postSolution
		SolutionGuid = {F636D37A-CD6E-4761-8121-08A7BFA995B4}
	EndGlobalSection
EndGlobal
